
Microsoft Visual Studio Solution File, Format Version 12.00
# Visual Studio Version 16
VisualStudioVersion = 16.0.30413.136
MinimumVisualStudioVersion = 10.0.40219.1
Project("{9A19103F-16F7-4668-BE54-9A1E7A4F7556}") = "Zork.Console", "Zork\Zork.Console.csproj", "{FB9A39B3-2791-4151-9D59-A1F39EC38A18}"
EndProject
Project("{FAE04EC0-301F-11D3-BF4B-00C04F79EFBC}") = "Zork.Common", "Zork.Common\Zork.Common.csproj", "{6662C510-6698-408D-839E-8E8609F1FB96}"
EndProject
Global
	GlobalSection(SolutionConfigurationPlatforms) = preSolution
		Debug|Any CPU = Debug|Any CPU
		Release|Any CPU = Release|Any CPU
	EndGlobalSection
	GlobalSection(ProjectConfigurationPlatforms) = postSolution
		{FB9A39B3-2791-4151-9D59-A1F39EC38A18}.Debug|Any CPU.ActiveCfg = Debug|Any CPU
		{FB9A39B3-2791-4151-9D59-A1F39EC38A18}.Debug|Any CPU.Build.0 = Debug|Any CPU
		{FB9A39B3-2791-4151-9D59-A1F39EC38A18}.Release|Any CPU.ActiveCfg = Release|Any CPU
		{FB9A39B3-2791-4151-9D59-A1F39EC38A18}.Release|Any CPU.Build.0 = Release|Any CPU
		{6662C510-6698-408D-839E-8E8609F1FB96}.Debug|Any CPU.ActiveCfg = Debug|Any CPU
		{6662C510-6698-408D-839E-8E8609F1FB96}.Debug|Any CPU.Build.0 = Debug|Any CPU
		{6662C510-6698-408D-839E-8E8609F1FB96}.Release|Any CPU.ActiveCfg = Release|Any CPU
		{6662C510-6698-408D-839E-8E8609F1FB96}.Release|Any CPU.Build.0 = Release|Any CPU
	EndGlobalSection
	GlobalSection(SolutionProperties) = preSolution
		HideSolutionNode = FALSE
	EndGlobalSection
	GlobalSection(ExtensibilityGlobals) = postSolution
		SolutionGuid = {E6B46B54-9EB7-41A3-91DA-43403A810B83}
	EndGlobalSection
EndGlobal
